
Microsoft Visual Studio Solution File, Format Version 12.00
# Visual Studio Version 17
VisualStudioVersion = 17.13.35931.197 d17.13
MinimumVisualStudioVersion = 10.0.40219.1
Project("{8BC9CEB8-8B4A-11D0-8D11-00A0C91BC942}") = "prakt2", "prakt2.vcxproj", "{94745542-C710-4745-A51D-00A80F2C6B32}"
EndProject
Project("{8BC9CEB8-8B4A-11D0-8D11-00A0C91BC942}") = "prakt2_2", "..\prakt2_2\prakt2_2.vcxproj", "{9AED2229-8993-4BA1-A2BD-AFFDA90CFFD6}"
EndProject
Project("{8BC9CEB8-8B4A-11D0-8D11-00A0C91BC942}") = "prakt2_3", "..\prakt2_3\prakt2_3.vcxproj", "{78075492-E32D-4935-8964-93F3F3805347}"
EndProject
Project("{8BC9CEB8-8B4A-11D0-8D11-00A0C91BC942}") = "prakt2_4", "..\prakt2_4\prakt2_4.vcxproj", "{82AD734C-AC95-4651-8704-1DF7A5C08ED6}"
EndProject
Global
	GlobalSection(SolutionConfigurationPlatforms) = preSolution
		Debug|x64 = Debug|x64
		Debug|x86 = Debug|x86
		Release|x64 = Release|x64
		Release|x86 = Release|x86
	EndGlobalSection
	GlobalSection(ProjectConfigurationPlatforms) = postSolution
		{94745542-C710-4745-A51D-00A80F2C6B32}.Debug|x64.ActiveCfg = Debug|x64
		{94745542-C710-4745-A51D-00A80F2C6B32}.Debug|x64.Build.0 = Debug|x64
		{94745542-C710-4745-A51D-00A80F2C6B32}.Debug|x86.ActiveCfg = Debug|Win32
		{94745542-C710-4745-A51D-00A80F2C6B32}.Debug|x86.Build.0 = Debug|Win32
		{94745542-C710-4745-A51D-00A80F2C6B32}.Release|x64.ActiveCfg = Release|x64
		{94745542-C710-4745-A51D-00A80F2C6B32}.Release|x64.Build.0 = Release|x64
		{94745542-C710-4745-A51D-00A80F2C6B32}.Release|x86.ActiveCfg = Release|Win32
		{94745542-C710-4745-A51D-00A80F2C6B32}.Release|x86.Build.0 = Release|Win32
		{9AED2229-8993-4BA1-A2BD-AFFDA90CFFD6}.Debug|x64.ActiveCfg = Debug|x64
		{9AED2229-8993-4BA1-A2BD-AFFDA90CFFD6}.Debug|x64.Build.0 = Debug|x64
		{9AED2229-8993-4BA1-A2BD-AFFDA90CFFD6}.Debug|x86.ActiveCfg = Debug|Win32
		{9AED2229-8993-4BA1-A2BD-AFFDA90CFFD6}.Debug|x86.Build.0 = Debug|Win32
		{9AED2229-8993-4BA1-A2BD-AFFDA90CFFD6}.Release|x64.ActiveCfg = Release|x64
		{9AED2229-8993-4BA1-A2BD-AFFDA90CFFD6}.Release|x64.Build.0 = Release|x64
		{9AED2229-8993-4BA1-A2BD-AFFDA90CFFD6}.Release|x86.ActiveCfg = Release|Win32
		{9AED2229-8993-4BA1-A2BD-AFFDA90CFFD6}.Release|x86.Build.0 = Release|Win32
		{78075492-E32D-4935-8964-93F3F3805347}.Debug|x64.ActiveCfg = Debug|x64
		{78075492-E32D-4935-8964-93F3F3805347}.Debug|x64.Build.0 = Debug|x64
		{78075492-E32D-4935-8964-93F3F3805347}.Debug|x86.ActiveCfg = Debug|Win32
		{78075492-E32D-4935-8964-93F3F3805347}.Debug|x86.Build.0 = Debug|Win32
		{78075492-E32D-4935-8964-93F3F3805347}.Release|x64.ActiveCfg = Release|x64
		{78075492-E32D-4935-8964-93F3F3805347}.Release|x64.Build.0 = Release|x64
		{78075492-E32D-4935-8964-93F3F3805347}.Release|x86.ActiveCfg = Release|Win32
		{78075492-E32D-4935-8964-93F3F3805347}.Release|x86.Build.0 = Release|Win32
		{82AD734C-AC95-4651-8704-1DF7A5C08ED6}.Debug|x64.ActiveCfg = Debug|x64
		{82AD734C-AC95-4651-8704-1DF7A5C08ED6}.Debug|x64.Build.0 = Debug|x64
		{82AD734C-AC95-4651-8704-1DF7A5C08ED6}.Debug|x86.ActiveCfg = Debug|Win32
		{82AD734C-AC95-4651-8704-1DF7A5C08ED6}.Debug|x86.Build.0 = Debug|Win32
		{82AD734C-AC95-4651-8704-1DF7A5C08ED6}.Release|x64.ActiveCfg = Release|x64
		{82AD734C-AC95-4651-8704-1DF7A5C08ED6}.Release|x64.Build.0 = Release|x64
		{82AD734C-AC95-4651-8704-1DF7A5C08ED6}.Release|x86.ActiveCfg = Release|Win32
		{82AD734C-AC95-4651-8704-1DF7A5C08ED6}.Release|x86.Build.0 = Release|Win32
	EndGlobalSection
	GlobalSection(SolutionProperties) = preSolution
		HideSolutionNode = FALSE
	EndGlobalSection
	GlobalSection(ExtensibilityGlobals) = postSolution
		SolutionGuid = {AB758217-DED7-4830-BEA4-DCFB2ED0ED80}
	EndGlobalSection
EndGlobal
